
Microsoft Visual Studio Solution File, Format Version 12.00
# Visual Studio Version 16
VisualStudioVersion = 16.0.31613.86
MinimumVisualStudioVersion = 10.0.40219.1
Project("{FAE04EC0-301F-11D3-BF4B-00C04F79EFBC}") = "FirstProgram", "CSharpTutorials\FirstProgram.csproj", "{7840DD48-DC1B-4AD3-972A-E781889E7004}"
EndProject
Project("{FAE04EC0-301F-11D3-BF4B-00C04F79EFBC}") = "Keywords", "Keywords\Keywords.csproj", "{723CBE19-45F7-46BC-94FB-4321ED9294C1}"
EndProject
Project("{FAE04EC0-301F-11D3-BF4B-00C04F79EFBC}") = "Varriable", "Varriable\Varriable.csproj", "{17DA0D54-1DE5-420E-9045-DADE0B819285}"
EndProject
Project("{FAE04EC0-301F-11D3-BF4B-00C04F79EFBC}") = "ImplicitlyTypedVarriable", "ImplicitlyTypedVarriable\ImplicitlyTypedVarriable.csproj", "{A7268806-C296-4938-82FC-5E34E6A9D08F}"
EndProject
Project("{FAE04EC0-301F-11D3-BF4B-00C04F79EFBC}") = "DataTypes", "DataTypes\DataTypes.csproj", "{2F6BAC6E-77B0-408B-93F2-75B538DABF2F}"
EndProject
Project("{FAE04EC0-301F-11D3-BF4B-00C04F79EFBC}") = "Struct", "Struct\Struct.csproj", "{2B47DD43-09CB-4831-81F2-CD39075ECE27}"
EndProject
Project("{9A19103F-16F7-4668-BE54-9A1E7A4F7556}") = "Enum", "enum2\Enum.csproj", "{85154642-F807-44A7-A855-E4B67D5304B9}"
EndProject
Project("{FAE04EC0-301F-11D3-BF4B-00C04F79EFBC}") = "ReferenceAndValueType", "ReferansVeDegerTipi\ReferenceAndValueType.csproj", "{42EB42FB-CC39-4DCD-93C1-AE647C16790F}"
EndProject
Project("{FAE04EC0-301F-11D3-BF4B-00C04F79EFBC}") = "Interfaces", "Interfaces\Interfaces.csproj", "{715BBF09-998C-46B7-BA15-E6995570CB36}"
EndProject
Project("{FAE04EC0-301F-11D3-BF4B-00C04F79EFBC}") = "Arrays", "Arrays\Arrays.csproj", "{E30682E6-46B9-4019-ADF4-6F1C773D8F5D}"
EndProject
Project("{FAE04EC0-301F-11D3-BF4B-00C04F79EFBC}") = "Classes", "Classes\Classes.csproj", "{5A716263-3CDC-415E-B801-348211E9C221}"
EndProject
Project("{FAE04EC0-301F-11D3-BF4B-00C04F79EFBC}") = "AbstractClasses", "AbstractClasses\AbstractClasses.csproj", "{52B08496-6AE9-4678-84D4-B52AF17F0827}"
EndProject
Project("{FAE04EC0-301F-11D3-BF4B-00C04F79EFBC}") = "Events", "Events\Events.csproj", "{BE848CB6-8B82-480E-BAB2-6148FC38CA71}"
EndProject
Project("{FAE04EC0-301F-11D3-BF4B-00C04F79EFBC}") = "Delegates", "Delegates\Delegates.csproj", "{92BD1A5A-D9C9-41AD-93FB-3B9136644D66}"
EndProject
Project("{FAE04EC0-301F-11D3-BF4B-00C04F79EFBC}") = "InterfacesDemo", "InterfacesDemo\InterfacesDemo.csproj", "{4D74B806-5252-40C6-A024-2D5183FB9875}"
EndProject
Project("{FAE04EC0-301F-11D3-BF4B-00C04F79EFBC}") = "VirtualMethods", "VirtualMethods\VirtualMethods.csproj", "{3E78FE06-431F-4F36-9CF2-8910E0434F29}"
EndProject
Project("{FAE04EC0-301F-11D3-BF4B-00C04F79EFBC}") = "TypesAndVariables", "TypesAndVariables\TypesAndVariables.csproj", "{1A03AE6F-16F2-4DDD-9197-48EF6B3AB7C0}"
EndProject
Project("{FAE04EC0-301F-11D3-BF4B-00C04F79EFBC}") = "Loops", "Loops\Loops.csproj", "{8D1E87D5-DDBB-439B-9372-9C9AFABCAE2E}"
EndProject
Project("{FAE04EC0-301F-11D3-BF4B-00C04F79EFBC}") = "Constructors", "Constructors\Constructors.csproj", "{3DCD863F-73A6-4026-ADF5-C594B9C23B09}"
EndProject
Project("{FAE04EC0-301F-11D3-BF4B-00C04F79EFBC}") = "Collections", "Collections\Collections.csproj", "{872F00B0-A458-4F93-8944-A13AD36BEBF4}"
EndProject
Project("{FAE04EC0-301F-11D3-BF4B-00C04F79EFBC}") = "AbstractClasses2", "AbstractClasses2\AbstractClasses2.csproj", "{AC9C7E73-44F0-4174-9E3C-1BFBD8470028}"
EndProject
Project("{FAE04EC0-301F-11D3-BF4B-00C04F79EFBC}") = "StringBuilderNedir", "StringBuilder\StringBuilderNedir.csproj", "{70417503-C1CC-451A-A5B8-3CAB1842719F}"
EndProject
Project("{FAE04EC0-301F-11D3-BF4B-00C04F79EFBC}") = "AnonymousType", "AnonymousType\AnonymousType.csproj", "{D67E0010-A10D-4DA3-9DB3-52378D8CCE10}"
EndProject
Project("{FAE04EC0-301F-11D3-BF4B-00C04F79EFBC}") = "DynamicVeVarNedir", "DynamicNedir\DynamicVeVarNedir.csproj", "{6DF54DF7-47F1-4934-AA31-B60A7715A895}"
EndProject
Project("{FAE04EC0-301F-11D3-BF4B-00C04F79EFBC}") = "NullType", "NullType\NullType.csproj", "{F58CBAEF-EC34-4B91-8B30-89A6DAACE41D}"
EndProject
Project("{FAE04EC0-301F-11D3-BF4B-00C04F79EFBC}") = "Operators", "Operators\Operators.csproj", "{74ADED5B-BBD8-483E-BD4B-76FD38868E5B}"
EndProject
Project("{FAE04EC0-301F-11D3-BF4B-00C04F79EFBC}") = "IfElseStatements", "IfElseStatements\IfElseStatements.csproj", "{E653AD1C-71E4-4ED3-A86B-028CF16BA2B2}"
EndProject
Project("{9A19103F-16F7-4668-BE54-9A1E7A4F7556}") = "TernaryOperator", "TernaryOperator\TernaryOperator.csproj", "{94D90E13-1D84-4276-BBCC-A67863AC9940}"
EndProject
Project("{9A19103F-16F7-4668-BE54-9A1E7A4F7556}") = "SwitchCase", "SwitchCase\SwitchCase.csproj", "{FB90A63F-D652-4EED-A0FC-92CE4B31F2EE}"
EndProject
Project("{9A19103F-16F7-4668-BE54-9A1E7A4F7556}") = "ForLoop", "ForLoop\ForLoop.csproj", "{EA1A3EBA-8A25-4FDA-B5B8-AFEB77842DF2}"
EndProject
Project("{2150E333-8FDC-42A3-9474-1A3956D46DE8}") = "Döngüler", "Döngüler", "{0D81E628-A7FA-4ED3-946F-390DFCECE178}"
EndProject
Project("{9A19103F-16F7-4668-BE54-9A1E7A4F7556}") = "WhileLoop", "WhileLoop\WhileLoop.csproj", "{61A239E8-E3A7-453D-882D-685981E5A5D5}"
EndProject
Project("{9A19103F-16F7-4668-BE54-9A1E7A4F7556}") = "DoWhileLoop", "DoWhileLoop\DoWhileLoop.csproj", "{D9036C24-3FCE-472C-B4A6-7B2DD528740E}"
EndProject
Project("{2150E333-8FDC-42A3-9474-1A3956D46DE8}") = "Classses", "Classses", "{2AE5DBAE-9E6F-4C9A-BD81-11A5D3419E6F}"
EndProject
Project("{FAE04EC0-301F-11D3-BF4B-00C04F79EFBC}") = "PartialClasses", "PartialClasses\PartialClasses.csproj", "{3DF50D66-95D3-4D40-A95B-E8B5098E403D}"
EndProject
Project("{9A19103F-16F7-4668-BE54-9A1E7A4F7556}") = "BaseKullanımı", "BaseKullanımı\BaseKullanımı.csproj", "{B63BC2A2-0D6D-4B35-87DC-061863C30CE9}"
EndProject
Project("{FAE04EC0-301F-11D3-BF4B-00C04F79EFBC}") = "01StaticMetotKullanımı", "StaticMetotKullanımı\01StaticMetotKullanımı.csproj", "{1609E59C-94D4-46E2-9699-B1588A4B0DCA}"
EndProject
Project("{2150E333-8FDC-42A3-9474-1A3956D46DE8}") = "Static", "Static", "{80C9D23F-2A4F-41CF-9F6B-F59FD803CAC8}"
EndProject
Project("{FAE04EC0-301F-11D3-BF4B-00C04F79EFBC}") = "02StaticDegiskenKullanımı", "02StaticDegiskenKullanımı\02StaticDegiskenKullanımı.csproj", "{087C16D5-FE56-4932-B677-375E9ECB2766}"
EndProject
Project("{FAE04EC0-301F-11D3-BF4B-00C04F79EFBC}") = "03StaticYapıcıMetotKullanımı", "StaticYapıcıMetotKullanımı\03StaticYapıcıMetotKullanımı.csproj", "{37AAA30B-B848-4134-97B1-BB06D92929FA}"
EndProject
Project("{FAE04EC0-301F-11D3-BF4B-00C04F79EFBC}") = "04StaticClassKullanımı", "StaticClassKullanımı\04StaticClassKullanımı.csproj", "{788137A2-111A-41D2-89B6-B84C5EEC090A}"
EndProject
Project("{FAE04EC0-301F-11D3-BF4B-00C04F79EFBC}") = "IndexerKullanımı", "IndexerKullanımı\IndexerKullanımı.csproj", "{72B2E488-958A-4BA9-8A33-3607535FB6D1}"
EndProject
Project("{FAE04EC0-301F-11D3-BF4B-00C04F79EFBC}") = "IndexerKullanımı2", "IndexerKullanımı2\IndexerKullanımı2.csproj", "{04D89797-3774-4CB8-9AD9-656027C31261}"
EndProject
Project("{2150E333-8FDC-42A3-9474-1A3956D46DE8}") = "Indexer", "Indexer", "{8CA7BE75-C7B5-40F8-B8D2-608111E0884D}"
EndProject
Project("{FAE04EC0-301F-11D3-BF4B-00C04F79EFBC}") = "Generics", "Generics\Generics.csproj", "{313C7E76-4828-4E55-98FC-68D122B65890}"
EndProject
Project("{FAE04EC0-301F-11D3-BF4B-00C04F79EFBC}") = "GenericClassBase", "Generics2\GenericClassBase.csproj", "{4BB8B221-27C1-4714-8F12-77072D1BACD6}"
EndProject
Project("{2150E333-8FDC-42A3-9474-1A3956D46DE8}") = "Generic", "Generic", "{59C53C6B-52C1-42EE-9A97-9F647441D469}"
EndProject
Project("{2150E333-8FDC-42A3-9474-1A3956D46DE8}") = "Collectionss", "Collectionss", "{FB97A773-ECEF-4A79-A196-2D8BD702F362}"
EndProject
Project("{FAE04EC0-301F-11D3-BF4B-00C04F79EFBC}") = "CollectionsArrayList", "Collections2\CollectionsArrayList.csproj", "{7D245729-85A1-435B-A58B-2D46DCA246F8}"
EndProject
Project("{FAE04EC0-301F-11D3-BF4B-00C04F79EFBC}") = "CollectionsList", "CollectionsList\CollectionsList.csproj", "{5ED5EF79-6C33-4AFA-9716-12002BF2FC80}"
EndProject
Project("{FAE04EC0-301F-11D3-BF4B-00C04F79EFBC}") = "CollectionListDiziEkleme", "CollectionListDiziEkleme\CollectionListDiziEkleme.csproj", "{96C844EF-2DB6-462A-93E6-64BE09324D20}"
EndProject
Project("{FAE04EC0-301F-11D3-BF4B-00C04F79EFBC}") = "SortedListNedir", "SortedList\SortedListNedir.csproj", "{CF55B1EA-83B7-4BD7-B53C-494918A04A9E}"
EndProject
Project("{FAE04EC0-301F-11D3-BF4B-00C04F79EFBC}") = "CollectionsIDictionary", "CollectionsIDictionary\CollectionsIDictionary.csproj", "{D9E4D652-E099-4A62-925A-CD828EE287A5}"
EndProject
Project("{FAE04EC0-301F-11D3-BF4B-00C04F79EFBC}") = "CollectionsStack", "CollectionsStack\CollectionsStack.csproj", "{165476CA-985B-4DED-B9E8-483B0C667B4A}"
EndProject
Project("{FAE04EC0-301F-11D3-BF4B-00C04F79EFBC}") = "CollectionsQueue", "CollectionsQueue\CollectionsQueue.csproj", "{6F4B5D0D-B53E-44FA-AF8A-0065695F4A59}"
EndProject
Project("{FAE04EC0-301F-11D3-BF4B-00C04F79EFBC}") = "CollectionsHashtable", "CollectionsHashtable\CollectionsHashtable.csproj", "{421FE4F7-A1FC-40A7-9018-0902EC73C4A1}"
EndProject
Project("{FAE04EC0-301F-11D3-BF4B-00C04F79EFBC}") = "Tuple1", "Tuple1\Tuple1.csproj", "{5BF83A00-9450-41D0-A531-581E36E30EC6}"
EndProject
Project("{2150E333-8FDC-42A3-9474-1A3956D46DE8}") = "Tuple", "Tuple", "{C929C44E-EEEB-4BEE-B301-61080A0657EC}"
EndProject
Project("{FAE04EC0-301F-11D3-BF4B-00C04F79EFBC}") = "ValueTuple", "ValueTuple\ValueTuple.csproj", "{CA0D97F9-F1BA-4022-BFA4-CC1C7F115350}"
EndProject
Project("{2150E333-8FDC-42A3-9474-1A3956D46DE8}") = "Type", "Type", "{CB94D806-B887-48D5-A829-3D372424BF4E}"
EndProject
Project("{2150E333-8FDC-42A3-9474-1A3956D46DE8}") = "Interface", "Interface", "{3004620B-B86B-414A-94CF-DFA9EBF0E0BD}"
EndProject
Project("{2150E333-8FDC-42A3-9474-1A3956D46DE8}") = "Delegate", "Delegate", "{B5F255AE-CECC-4473-B5E1-0B61A77F49DF}"
EndProject
Project("{2150E333-8FDC-42A3-9474-1A3956D46DE8}") = "Exceptions", "Exceptions", "{D590732A-AD39-48AB-8FBF-579AF024C43F}"
EndProject
Project("{FAE04EC0-301F-11D3-BF4B-00C04F79EFBC}") = "ExceptionsKomutlar", "ExceptionsKomutlar\ExceptionsKomutlar.csproj", "{7047D201-E832-49C4-AF4F-20AC313CC9FE}"
EndProject
Project("{FAE04EC0-301F-11D3-BF4B-00C04F79EFBC}") = "ExceptionHandling", "ExceptionHandling\ExceptionHandling.csproj", "{A29164F6-E1A8-4E44-8E5C-C5386E678DD8}"
EndProject
Project("{FAE04EC0-301F-11D3-BF4B-00C04F79EFBC}") = "ThrowKullanımı", "ThrowKullanımı\ThrowKullanımı.csproj", "{1237C02A-C16D-4C7B-8171-6DCC160654DD}"
EndProject
Project("{FAE04EC0-301F-11D3-BF4B-00C04F79EFBC}") = "CustomExceptionType", "CustomExceptionType\CustomExceptionType.csproj", "{4A6D7A71-4FF2-49C6-8078-A16060AB6CEF}"
EndProject
Project("{FAE04EC0-301F-11D3-BF4B-00C04F79EFBC}") = "Delegates2", "Delegates2\Delegates2.csproj", "{58F940B1-8707-4BE3-90D0-0DA284C99AF9}"
EndProject
Project("{FAE04EC0-301F-11D3-BF4B-00C04F79EFBC}") = "Delegates3", "Delegates3\Delegates3.csproj", "{5BFEF723-3BC2-458C-B7A0-3D24491FB702}"
EndProject
Project("{FAE04EC0-301F-11D3-BF4B-00C04F79EFBC}") = "Delegates01Func", "Delegate1Func\Delegates01Func.csproj", "{AB6B3AEA-8EB1-4B6C-8A63-BDA2D3ABE118}"
EndProject
Project("{FAE04EC0-301F-11D3-BF4B-00C04F79EFBC}") = "Delegates02Action", "Delegates02Action\Delegates02Action.csproj", "{7C331648-EACD-4E6B-9F4C-FF2A1125735F}"
EndProject
Project("{FAE04EC0-301F-11D3-BF4B-00C04F79EFBC}") = "Delegates03Predicate", "Delegates03Predicate\Delegates03Predicate.csproj", "{865190A5-85C1-49AC-A661-944C2D7F6695}"
EndProject
Project("{FAE04EC0-301F-11D3-BF4B-00C04F79EFBC}") = "Delegates04AnonymousMethod", "Delegates04AnonymousMethod\Delegates04AnonymousMethod.csproj", "{026FFB8F-1389-4BEE-91A4-E69A189DB7DA}"
EndProject
Global
	GlobalSection(SolutionConfigurationPlatforms) = preSolution
		Debug|Any CPU = Debug|Any CPU
		Release|Any CPU = Release|Any CPU
	EndGlobalSection
	GlobalSection(ProjectConfigurationPlatforms) = postSolution
		{7840DD48-DC1B-4AD3-972A-E781889E7004}.Debug|Any CPU.ActiveCfg = Debug|Any CPU
		{7840DD48-DC1B-4AD3-972A-E781889E7004}.Debug|Any CPU.Build.0 = Debug|Any CPU
		{7840DD48-DC1B-4AD3-972A-E781889E7004}.Release|Any CPU.ActiveCfg = Release|Any CPU
		{7840DD48-DC1B-4AD3-972A-E781889E7004}.Release|Any CPU.Build.0 = Release|Any CPU
		{723CBE19-45F7-46BC-94FB-4321ED9294C1}.Debug|Any CPU.ActiveCfg = Debug|Any CPU
		{723CBE19-45F7-46BC-94FB-4321ED9294C1}.Debug|Any CPU.Build.0 = Debug|Any CPU
		{723CBE19-45F7-46BC-94FB-4321ED9294C1}.Release|Any CPU.ActiveCfg = Release|Any CPU
		{723CBE19-45F7-46BC-94FB-4321ED9294C1}.Release|Any CPU.Build.0 = Release|Any CPU
		{17DA0D54-1DE5-420E-9045-DADE0B819285}.Debug|Any CPU.ActiveCfg = Debug|Any CPU
		{17DA0D54-1DE5-420E-9045-DADE0B819285}.Debug|Any CPU.Build.0 = Debug|Any CPU
		{17DA0D54-1DE5-420E-9045-DADE0B819285}.Release|Any CPU.ActiveCfg = Release|Any CPU
		{17DA0D54-1DE5-420E-9045-DADE0B819285}.Release|Any CPU.Build.0 = Release|Any CPU
		{A7268806-C296-4938-82FC-5E34E6A9D08F}.Debug|Any CPU.ActiveCfg = Debug|Any CPU
		{A7268806-C296-4938-82FC-5E34E6A9D08F}.Debug|Any CPU.Build.0 = Debug|Any CPU
		{A7268806-C296-4938-82FC-5E34E6A9D08F}.Release|Any CPU.ActiveCfg = Release|Any CPU
		{A7268806-C296-4938-82FC-5E34E6A9D08F}.Release|Any CPU.Build.0 = Release|Any CPU
		{2F6BAC6E-77B0-408B-93F2-75B538DABF2F}.Debug|Any CPU.ActiveCfg = Debug|Any CPU
		{2F6BAC6E-77B0-408B-93F2-75B538DABF2F}.Debug|Any CPU.Build.0 = Debug|Any CPU
		{2F6BAC6E-77B0-408B-93F2-75B538DABF2F}.Release|Any CPU.ActiveCfg = Release|Any CPU
		{2F6BAC6E-77B0-408B-93F2-75B538DABF2F}.Release|Any CPU.Build.0 = Release|Any CPU
		{2B47DD43-09CB-4831-81F2-CD39075ECE27}.Debug|Any CPU.ActiveCfg = Debug|Any CPU
		{2B47DD43-09CB-4831-81F2-CD39075ECE27}.Debug|Any CPU.Build.0 = Debug|Any CPU
		{2B47DD43-09CB-4831-81F2-CD39075ECE27}.Release|Any CPU.ActiveCfg = Release|Any CPU
		{2B47DD43-09CB-4831-81F2-CD39075ECE27}.Release|Any CPU.Build.0 = Release|Any CPU
		{85154642-F807-44A7-A855-E4B67D5304B9}.Debug|Any CPU.ActiveCfg = Debug|Any CPU
		{85154642-F807-44A7-A855-E4B67D5304B9}.Debug|Any CPU.Build.0 = Debug|Any CPU
		{85154642-F807-44A7-A855-E4B67D5304B9}.Release|Any CPU.ActiveCfg = Release|Any CPU
		{85154642-F807-44A7-A855-E4B67D5304B9}.Release|Any CPU.Build.0 = Release|Any CPU
		{42EB42FB-CC39-4DCD-93C1-AE647C16790F}.Debug|Any CPU.ActiveCfg = Debug|Any CPU
		{42EB42FB-CC39-4DCD-93C1-AE647C16790F}.Debug|Any CPU.Build.0 = Debug|Any CPU
		{42EB42FB-CC39-4DCD-93C1-AE647C16790F}.Release|Any CPU.ActiveCfg = Release|Any CPU
		{42EB42FB-CC39-4DCD-93C1-AE647C16790F}.Release|Any CPU.Build.0 = Release|Any CPU
		{715BBF09-998C-46B7-BA15-E6995570CB36}.Debug|Any CPU.ActiveCfg = Debug|Any CPU
		{715BBF09-998C-46B7-BA15-E6995570CB36}.Debug|Any CPU.Build.0 = Debug|Any CPU
		{715BBF09-998C-46B7-BA15-E6995570CB36}.Release|Any CPU.ActiveCfg = Release|Any CPU
		{715BBF09-998C-46B7-BA15-E6995570CB36}.Release|Any CPU.Build.0 = Release|Any CPU
		{E30682E6-46B9-4019-ADF4-6F1C773D8F5D}.Debug|Any CPU.ActiveCfg = Debug|Any CPU
		{E30682E6-46B9-4019-ADF4-6F1C773D8F5D}.Debug|Any CPU.Build.0 = Debug|Any CPU
		{E30682E6-46B9-4019-ADF4-6F1C773D8F5D}.Release|Any CPU.ActiveCfg = Release|Any CPU
		{E30682E6-46B9-4019-ADF4-6F1C773D8F5D}.Release|Any CPU.Build.0 = Release|Any CPU
		{5A716263-3CDC-415E-B801-348211E9C221}.Debug|Any CPU.ActiveCfg = Debug|Any CPU
		{5A716263-3CDC-415E-B801-348211E9C221}.Debug|Any CPU.Build.0 = Debug|Any CPU
		{5A716263-3CDC-415E-B801-348211E9C221}.Release|Any CPU.ActiveCfg = Release|Any CPU
		{5A716263-3CDC-415E-B801-348211E9C221}.Release|Any CPU.Build.0 = Release|Any CPU
		{52B08496-6AE9-4678-84D4-B52AF17F0827}.Debug|Any CPU.ActiveCfg = Debug|Any CPU
		{52B08496-6AE9-4678-84D4-B52AF17F0827}.Debug|Any CPU.Build.0 = Debug|Any CPU
		{52B08496-6AE9-4678-84D4-B52AF17F0827}.Release|Any CPU.ActiveCfg = Release|Any CPU
		{52B08496-6AE9-4678-84D4-B52AF17F0827}.Release|Any CPU.Build.0 = Release|Any CPU
		{BE848CB6-8B82-480E-BAB2-6148FC38CA71}.Debug|Any CPU.ActiveCfg = Debug|Any CPU
		{BE848CB6-8B82-480E-BAB2-6148FC38CA71}.Debug|Any CPU.Build.0 = Debug|Any CPU
		{BE848CB6-8B82-480E-BAB2-6148FC38CA71}.Release|Any CPU.ActiveCfg = Release|Any CPU
		{BE848CB6-8B82-480E-BAB2-6148FC38CA71}.Release|Any CPU.Build.0 = Release|Any CPU
		{92BD1A5A-D9C9-41AD-93FB-3B9136644D66}.Debug|Any CPU.ActiveCfg = Debug|Any CPU
		{92BD1A5A-D9C9-41AD-93FB-3B9136644D66}.Debug|Any CPU.Build.0 = Debug|Any CPU
		{92BD1A5A-D9C9-41AD-93FB-3B9136644D66}.Release|Any CPU.ActiveCfg = Release|Any CPU
		{92BD1A5A-D9C9-41AD-93FB-3B9136644D66}.Release|Any CPU.Build.0 = Release|Any CPU
		{4D74B806-5252-40C6-A024-2D5183FB9875}.Debug|Any CPU.ActiveCfg = Debug|Any CPU
		{4D74B806-5252-40C6-A024-2D5183FB9875}.Debug|Any CPU.Build.0 = Debug|Any CPU
		{4D74B806-5252-40C6-A024-2D5183FB9875}.Release|Any CPU.ActiveCfg = Release|Any CPU
		{4D74B806-5252-40C6-A024-2D5183FB9875}.Release|Any CPU.Build.0 = Release|Any CPU
		{3E78FE06-431F-4F36-9CF2-8910E0434F29}.Debug|Any CPU.ActiveCfg = Debug|Any CPU
		{3E78FE06-431F-4F36-9CF2-8910E0434F29}.Debug|Any CPU.Build.0 = Debug|Any CPU
		{3E78FE06-431F-4F36-9CF2-8910E0434F29}.Release|Any CPU.ActiveCfg = Release|Any CPU
		{3E78FE06-431F-4F36-9CF2-8910E0434F29}.Release|Any CPU.Build.0 = Release|Any CPU
		{1A03AE6F-16F2-4DDD-9197-48EF6B3AB7C0}.Debug|Any CPU.ActiveCfg = Debug|Any CPU
		{1A03AE6F-16F2-4DDD-9197-48EF6B3AB7C0}.Debug|Any CPU.Build.0 = Debug|Any CPU
		{1A03AE6F-16F2-4DDD-9197-48EF6B3AB7C0}.Release|Any CPU.ActiveCfg = Release|Any CPU
		{1A03AE6F-16F2-4DDD-9197-48EF6B3AB7C0}.Release|Any CPU.Build.0 = Release|Any CPU
		{8D1E87D5-DDBB-439B-9372-9C9AFABCAE2E}.Debug|Any CPU.ActiveCfg = Debug|Any CPU
		{8D1E87D5-DDBB-439B-9372-9C9AFABCAE2E}.Debug|Any CPU.Build.0 = Debug|Any CPU
		{8D1E87D5-DDBB-439B-9372-9C9AFABCAE2E}.Release|Any CPU.ActiveCfg = Release|Any CPU
		{8D1E87D5-DDBB-439B-9372-9C9AFABCAE2E}.Release|Any CPU.Build.0 = Release|Any CPU
		{3DCD863F-73A6-4026-ADF5-C594B9C23B09}.Debug|Any CPU.ActiveCfg = Debug|Any CPU
		{3DCD863F-73A6-4026-ADF5-C594B9C23B09}.Debug|Any CPU.Build.0 = Debug|Any CPU
		{3DCD863F-73A6-4026-ADF5-C594B9C23B09}.Release|Any CPU.ActiveCfg = Release|Any CPU
		{3DCD863F-73A6-4026-ADF5-C594B9C23B09}.Release|Any CPU.Build.0 = Release|Any CPU
		{872F00B0-A458-4F93-8944-A13AD36BEBF4}.Debug|Any CPU.ActiveCfg = Debug|Any CPU
		{872F00B0-A458-4F93-8944-A13AD36BEBF4}.Debug|Any CPU.Build.0 = Debug|Any CPU
		{872F00B0-A458-4F93-8944-A13AD36BEBF4}.Release|Any CPU.ActiveCfg = Release|Any CPU
		{872F00B0-A458-4F93-8944-A13AD36BEBF4}.Release|Any CPU.Build.0 = Release|Any CPU
		{AC9C7E73-44F0-4174-9E3C-1BFBD8470028}.Debug|Any CPU.ActiveCfg = Debug|Any CPU
		{AC9C7E73-44F0-4174-9E3C-1BFBD8470028}.Debug|Any CPU.Build.0 = Debug|Any CPU
		{AC9C7E73-44F0-4174-9E3C-1BFBD8470028}.Release|Any CPU.ActiveCfg = Release|Any CPU
		{AC9C7E73-44F0-4174-9E3C-1BFBD8470028}.Release|Any CPU.Build.0 = Release|Any CPU
		{70417503-C1CC-451A-A5B8-3CAB1842719F}.Debug|Any CPU.ActiveCfg = Debug|Any CPU
		{70417503-C1CC-451A-A5B8-3CAB1842719F}.Debug|Any CPU.Build.0 = Debug|Any CPU
		{70417503-C1CC-451A-A5B8-3CAB1842719F}.Release|Any CPU.ActiveCfg = Release|Any CPU
		{70417503-C1CC-451A-A5B8-3CAB1842719F}.Release|Any CPU.Build.0 = Release|Any CPU
		{D67E0010-A10D-4DA3-9DB3-52378D8CCE10}.Debug|Any CPU.ActiveCfg = Debug|Any CPU
		{D67E0010-A10D-4DA3-9DB3-52378D8CCE10}.Debug|Any CPU.Build.0 = Debug|Any CPU
		{D67E0010-A10D-4DA3-9DB3-52378D8CCE10}.Release|Any CPU.ActiveCfg = Release|Any CPU
		{D67E0010-A10D-4DA3-9DB3-52378D8CCE10}.Release|Any CPU.Build.0 = Release|Any CPU
		{6DF54DF7-47F1-4934-AA31-B60A7715A895}.Debug|Any CPU.ActiveCfg = Debug|Any CPU
		{6DF54DF7-47F1-4934-AA31-B60A7715A895}.Debug|Any CPU.Build.0 = Debug|Any CPU
		{6DF54DF7-47F1-4934-AA31-B60A7715A895}.Release|Any CPU.ActiveCfg = Release|Any CPU
		{6DF54DF7-47F1-4934-AA31-B60A7715A895}.Release|Any CPU.Build.0 = Release|Any CPU
		{F58CBAEF-EC34-4B91-8B30-89A6DAACE41D}.Debug|Any CPU.ActiveCfg = Debug|Any CPU
		{F58CBAEF-EC34-4B91-8B30-89A6DAACE41D}.Debug|Any CPU.Build.0 = Debug|Any CPU
		{F58CBAEF-EC34-4B91-8B30-89A6DAACE41D}.Release|Any CPU.ActiveCfg = Release|Any CPU
		{F58CBAEF-EC34-4B91-8B30-89A6DAACE41D}.Release|Any CPU.Build.0 = Release|Any CPU
		{74ADED5B-BBD8-483E-BD4B-76FD38868E5B}.Debug|Any CPU.ActiveCfg = Debug|Any CPU
		{74ADED5B-BBD8-483E-BD4B-76FD38868E5B}.Debug|Any CPU.Build.0 = Debug|Any CPU
		{74ADED5B-BBD8-483E-BD4B-76FD38868E5B}.Release|Any CPU.ActiveCfg = Release|Any CPU
		{74ADED5B-BBD8-483E-BD4B-76FD38868E5B}.Release|Any CPU.Build.0 = Release|Any CPU
		{E653AD1C-71E4-4ED3-A86B-028CF16BA2B2}.Debug|Any CPU.ActiveCfg = Debug|Any CPU
		{E653AD1C-71E4-4ED3-A86B-028CF16BA2B2}.Debug|Any CPU.Build.0 = Debug|Any CPU
		{E653AD1C-71E4-4ED3-A86B-028CF16BA2B2}.Release|Any CPU.ActiveCfg = Release|Any CPU
		{E653AD1C-71E4-4ED3-A86B-028CF16BA2B2}.Release|Any CPU.Build.0 = Release|Any CPU
		{94D90E13-1D84-4276-BBCC-A67863AC9940}.Debug|Any CPU.ActiveCfg = Debug|Any CPU
		{94D90E13-1D84-4276-BBCC-A67863AC9940}.Debug|Any CPU.Build.0 = Debug|Any CPU
		{94D90E13-1D84-4276-BBCC-A67863AC9940}.Release|Any CPU.ActiveCfg = Release|Any CPU
		{94D90E13-1D84-4276-BBCC-A67863AC9940}.Release|Any CPU.Build.0 = Release|Any CPU
		{FB90A63F-D652-4EED-A0FC-92CE4B31F2EE}.Debug|Any CPU.ActiveCfg = Debug|Any CPU
		{FB90A63F-D652-4EED-A0FC-92CE4B31F2EE}.Debug|Any CPU.Build.0 = Debug|Any CPU
		{FB90A63F-D652-4EED-A0FC-92CE4B31F2EE}.Release|Any CPU.ActiveCfg = Release|Any CPU
		{FB90A63F-D652-4EED-A0FC-92CE4B31F2EE}.Release|Any CPU.Build.0 = Release|Any CPU
		{EA1A3EBA-8A25-4FDA-B5B8-AFEB77842DF2}.Debug|Any CPU.ActiveCfg = Debug|Any CPU
		{EA1A3EBA-8A25-4FDA-B5B8-AFEB77842DF2}.Debug|Any CPU.Build.0 = Debug|Any CPU
		{EA1A3EBA-8A25-4FDA-B5B8-AFEB77842DF2}.Release|Any CPU.ActiveCfg = Release|Any CPU
		{EA1A3EBA-8A25-4FDA-B5B8-AFEB77842DF2}.Release|Any CPU.Build.0 = Release|Any CPU
		{61A239E8-E3A7-453D-882D-685981E5A5D5}.Debug|Any CPU.ActiveCfg = Debug|Any CPU
		{61A239E8-E3A7-453D-882D-685981E5A5D5}.Debug|Any CPU.Build.0 = Debug|Any CPU
		{61A239E8-E3A7-453D-882D-685981E5A5D5}.Release|Any CPU.ActiveCfg = Release|Any CPU
		{61A239E8-E3A7-453D-882D-685981E5A5D5}.Release|Any CPU.Build.0 = Release|Any CPU
		{D9036C24-3FCE-472C-B4A6-7B2DD528740E}.Debug|Any CPU.ActiveCfg = Debug|Any CPU
		{D9036C24-3FCE-472C-B4A6-7B2DD528740E}.Debug|Any CPU.Build.0 = Debug|Any CPU
		{D9036C24-3FCE-472C-B4A6-7B2DD528740E}.Release|Any CPU.ActiveCfg = Release|Any CPU
		{D9036C24-3FCE-472C-B4A6-7B2DD528740E}.Release|Any CPU.Build.0 = Release|Any CPU
		{3DF50D66-95D3-4D40-A95B-E8B5098E403D}.Debug|Any CPU.ActiveCfg = Debug|Any CPU
		{3DF50D66-95D3-4D40-A95B-E8B5098E403D}.Debug|Any CPU.Build.0 = Debug|Any CPU
		{3DF50D66-95D3-4D40-A95B-E8B5098E403D}.Release|Any CPU.ActiveCfg = Release|Any CPU
		{3DF50D66-95D3-4D40-A95B-E8B5098E403D}.Release|Any CPU.Build.0 = Release|Any CPU
		{B63BC2A2-0D6D-4B35-87DC-061863C30CE9}.Debug|Any CPU.ActiveCfg = Debug|Any CPU
		{B63BC2A2-0D6D-4B35-87DC-061863C30CE9}.Debug|Any CPU.Build.0 = Debug|Any CPU
		{B63BC2A2-0D6D-4B35-87DC-061863C30CE9}.Release|Any CPU.ActiveCfg = Release|Any CPU
		{B63BC2A2-0D6D-4B35-87DC-061863C30CE9}.Release|Any CPU.Build.0 = Release|Any CPU
		{1609E59C-94D4-46E2-9699-B1588A4B0DCA}.Debug|Any CPU.ActiveCfg = Debug|Any CPU
		{1609E59C-94D4-46E2-9699-B1588A4B0DCA}.Debug|Any CPU.Build.0 = Debug|Any CPU
		{1609E59C-94D4-46E2-9699-B1588A4B0DCA}.Release|Any CPU.ActiveCfg = Release|Any CPU
		{1609E59C-94D4-46E2-9699-B1588A4B0DCA}.Release|Any CPU.Build.0 = Release|Any CPU
		{087C16D5-FE56-4932-B677-375E9ECB2766}.Debug|Any CPU.ActiveCfg = Debug|Any CPU
		{087C16D5-FE56-4932-B677-375E9ECB2766}.Debug|Any CPU.Build.0 = Debug|Any CPU
		{087C16D5-FE56-4932-B677-375E9ECB2766}.Release|Any CPU.ActiveCfg = Release|Any CPU
		{087C16D5-FE56-4932-B677-375E9ECB2766}.Release|Any CPU.Build.0 = Release|Any CPU
		{37AAA30B-B848-4134-97B1-BB06D92929FA}.Debug|Any CPU.ActiveCfg = Debug|Any CPU
		{37AAA30B-B848-4134-97B1-BB06D92929FA}.Debug|Any CPU.Build.0 = Debug|Any CPU
		{37AAA30B-B848-4134-97B1-BB06D92929FA}.Release|Any CPU.ActiveCfg = Release|Any CPU
		{37AAA30B-B848-4134-97B1-BB06D92929FA}.Release|Any CPU.Build.0 = Release|Any CPU
		{788137A2-111A-41D2-89B6-B84C5EEC090A}.Debug|Any CPU.ActiveCfg = Debug|Any CPU
		{788137A2-111A-41D2-89B6-B84C5EEC090A}.Debug|Any CPU.Build.0 = Debug|Any CPU
		{788137A2-111A-41D2-89B6-B84C5EEC090A}.Release|Any CPU.ActiveCfg = Release|Any CPU
		{788137A2-111A-41D2-89B6-B84C5EEC090A}.Release|Any CPU.Build.0 = Release|Any CPU
		{72B2E488-958A-4BA9-8A33-3607535FB6D1}.Debug|Any CPU.ActiveCfg = Debug|Any CPU
		{72B2E488-958A-4BA9-8A33-3607535FB6D1}.Debug|Any CPU.Build.0 = Debug|Any CPU
		{72B2E488-958A-4BA9-8A33-3607535FB6D1}.Release|Any CPU.ActiveCfg = Release|Any CPU
		{72B2E488-958A-4BA9-8A33-3607535FB6D1}.Release|Any CPU.Build.0 = Release|Any CPU
		{04D89797-3774-4CB8-9AD9-656027C31261}.Debug|Any CPU.ActiveCfg = Debug|Any CPU
		{04D89797-3774-4CB8-9AD9-656027C31261}.Debug|Any CPU.Build.0 = Debug|Any CPU
		{04D89797-3774-4CB8-9AD9-656027C31261}.Release|Any CPU.ActiveCfg = Release|Any CPU
		{04D89797-3774-4CB8-9AD9-656027C31261}.Release|Any CPU.Build.0 = Release|Any CPU
		{313C7E76-4828-4E55-98FC-68D122B65890}.Debug|Any CPU.ActiveCfg = Debug|Any CPU
		{313C7E76-4828-4E55-98FC-68D122B65890}.Debug|Any CPU.Build.0 = Debug|Any CPU
		{313C7E76-4828-4E55-98FC-68D122B65890}.Release|Any CPU.ActiveCfg = Release|Any CPU
		{313C7E76-4828-4E55-98FC-68D122B65890}.Release|Any CPU.Build.0 = Release|Any CPU
		{4BB8B221-27C1-4714-8F12-77072D1BACD6}.Debug|Any CPU.ActiveCfg = Debug|Any CPU
		{4BB8B221-27C1-4714-8F12-77072D1BACD6}.Debug|Any CPU.Build.0 = Debug|Any CPU
		{4BB8B221-27C1-4714-8F12-77072D1BACD6}.Release|Any CPU.ActiveCfg = Release|Any CPU
		{4BB8B221-27C1-4714-8F12-77072D1BACD6}.Release|Any CPU.Build.0 = Release|Any CPU
		{7D245729-85A1-435B-A58B-2D46DCA246F8}.Debug|Any CPU.ActiveCfg = Debug|Any CPU
		{7D245729-85A1-435B-A58B-2D46DCA246F8}.Debug|Any CPU.Build.0 = Debug|Any CPU
		{7D245729-85A1-435B-A58B-2D46DCA246F8}.Release|Any CPU.ActiveCfg = Release|Any CPU
		{7D245729-85A1-435B-A58B-2D46DCA246F8}.Release|Any CPU.Build.0 = Release|Any CPU
		{5ED5EF79-6C33-4AFA-9716-12002BF2FC80}.Debug|Any CPU.ActiveCfg = Debug|Any CPU
		{5ED5EF79-6C33-4AFA-9716-12002BF2FC80}.Debug|Any CPU.Build.0 = Debug|Any CPU
		{5ED5EF79-6C33-4AFA-9716-12002BF2FC80}.Release|Any CPU.ActiveCfg = Release|Any CPU
		{5ED5EF79-6C33-4AFA-9716-12002BF2FC80}.Release|Any CPU.Build.0 = Release|Any CPU
		{96C844EF-2DB6-462A-93E6-64BE09324D20}.Debug|Any CPU.ActiveCfg = Debug|Any CPU
		{96C844EF-2DB6-462A-93E6-64BE09324D20}.Debug|Any CPU.Build.0 = Debug|Any CPU
		{96C844EF-2DB6-462A-93E6-64BE09324D20}.Release|Any CPU.ActiveCfg = Release|Any CPU
		{96C844EF-2DB6-462A-93E6-64BE09324D20}.Release|Any CPU.Build.0 = Release|Any CPU
		{CF55B1EA-83B7-4BD7-B53C-494918A04A9E}.Debug|Any CPU.ActiveCfg = Debug|Any CPU
		{CF55B1EA-83B7-4BD7-B53C-494918A04A9E}.Debug|Any CPU.Build.0 = Debug|Any CPU
		{CF55B1EA-83B7-4BD7-B53C-494918A04A9E}.Release|Any CPU.ActiveCfg = Release|Any CPU
		{CF55B1EA-83B7-4BD7-B53C-494918A04A9E}.Release|Any CPU.Build.0 = Release|Any CPU
		{D9E4D652-E099-4A62-925A-CD828EE287A5}.Debug|Any CPU.ActiveCfg = Debug|Any CPU
		{D9E4D652-E099-4A62-925A-CD828EE287A5}.Debug|Any CPU.Build.0 = Debug|Any CPU
		{D9E4D652-E099-4A62-925A-CD828EE287A5}.Release|Any CPU.ActiveCfg = Release|Any CPU
		{D9E4D652-E099-4A62-925A-CD828EE287A5}.Release|Any CPU.Build.0 = Release|Any CPU
		{165476CA-985B-4DED-B9E8-483B0C667B4A}.Debug|Any CPU.ActiveCfg = Debug|Any CPU
		{165476CA-985B-4DED-B9E8-483B0C667B4A}.Debug|Any CPU.Build.0 = Debug|Any CPU
		{165476CA-985B-4DED-B9E8-483B0C667B4A}.Release|Any CPU.ActiveCfg = Release|Any CPU
		{165476CA-985B-4DED-B9E8-483B0C667B4A}.Release|Any CPU.Build.0 = Release|Any CPU
		{6F4B5D0D-B53E-44FA-AF8A-0065695F4A59}.Debug|Any CPU.ActiveCfg = Debug|Any CPU
		{6F4B5D0D-B53E-44FA-AF8A-0065695F4A59}.Debug|Any CPU.Build.0 = Debug|Any CPU
		{6F4B5D0D-B53E-44FA-AF8A-0065695F4A59}.Release|Any CPU.ActiveCfg = Release|Any CPU
		{6F4B5D0D-B53E-44FA-AF8A-0065695F4A59}.Release|Any CPU.Build.0 = Release|Any CPU
		{421FE4F7-A1FC-40A7-9018-0902EC73C4A1}.Debug|Any CPU.ActiveCfg = Debug|Any CPU
		{421FE4F7-A1FC-40A7-9018-0902EC73C4A1}.Debug|Any CPU.Build.0 = Debug|Any CPU
		{421FE4F7-A1FC-40A7-9018-0902EC73C4A1}.Release|Any CPU.ActiveCfg = Release|Any CPU
		{421FE4F7-A1FC-40A7-9018-0902EC73C4A1}.Release|Any CPU.Build.0 = Release|Any CPU
		{5BF83A00-9450-41D0-A531-581E36E30EC6}.Debug|Any CPU.ActiveCfg = Debug|Any CPU
		{5BF83A00-9450-41D0-A531-581E36E30EC6}.Debug|Any CPU.Build.0 = Debug|Any CPU
		{5BF83A00-9450-41D0-A531-581E36E30EC6}.Release|Any CPU.ActiveCfg = Release|Any CPU
		{5BF83A00-9450-41D0-A531-581E36E30EC6}.Release|Any CPU.Build.0 = Release|Any CPU
		{CA0D97F9-F1BA-4022-BFA4-CC1C7F115350}.Debug|Any CPU.ActiveCfg = Debug|Any CPU
		{CA0D97F9-F1BA-4022-BFA4-CC1C7F115350}.Debug|Any CPU.Build.0 = Debug|Any CPU
		{CA0D97F9-F1BA-4022-BFA4-CC1C7F115350}.Release|Any CPU.ActiveCfg = Release|Any CPU
		{CA0D97F9-F1BA-4022-BFA4-CC1C7F115350}.Release|Any CPU.Build.0 = Release|Any CPU
		{7047D201-E832-49C4-AF4F-20AC313CC9FE}.Debug|Any CPU.ActiveCfg = Debug|Any CPU
		{7047D201-E832-49C4-AF4F-20AC313CC9FE}.Debug|Any CPU.Build.0 = Debug|Any CPU
		{7047D201-E832-49C4-AF4F-20AC313CC9FE}.Release|Any CPU.ActiveCfg = Release|Any CPU
		{7047D201-E832-49C4-AF4F-20AC313CC9FE}.Release|Any CPU.Build.0 = Release|Any CPU
		{A29164F6-E1A8-4E44-8E5C-C5386E678DD8}.Debug|Any CPU.ActiveCfg = Debug|Any CPU
		{A29164F6-E1A8-4E44-8E5C-C5386E678DD8}.Debug|Any CPU.Build.0 = Debug|Any CPU
		{A29164F6-E1A8-4E44-8E5C-C5386E678DD8}.Release|Any CPU.ActiveCfg = Release|Any CPU
		{A29164F6-E1A8-4E44-8E5C-C5386E678DD8}.Release|Any CPU.Build.0 = Release|Any CPU
		{1237C02A-C16D-4C7B-8171-6DCC160654DD}.Debug|Any CPU.ActiveCfg = Debug|Any CPU
		{1237C02A-C16D-4C7B-8171-6DCC160654DD}.Debug|Any CPU.Build.0 = Debug|Any CPU
		{1237C02A-C16D-4C7B-8171-6DCC160654DD}.Release|Any CPU.ActiveCfg = Release|Any CPU
		{1237C02A-C16D-4C7B-8171-6DCC160654DD}.Release|Any CPU.Build.0 = Release|Any CPU
		{4A6D7A71-4FF2-49C6-8078-A16060AB6CEF}.Debug|Any CPU.ActiveCfg = Debug|Any CPU
		{4A6D7A71-4FF2-49C6-8078-A16060AB6CEF}.Debug|Any CPU.Build.0 = Debug|Any CPU
		{4A6D7A71-4FF2-49C6-8078-A16060AB6CEF}.Release|Any CPU.ActiveCfg = Release|Any CPU
		{4A6D7A71-4FF2-49C6-8078-A16060AB6CEF}.Release|Any CPU.Build.0 = Release|Any CPU
		{58F940B1-8707-4BE3-90D0-0DA284C99AF9}.Debug|Any CPU.ActiveCfg = Debug|Any CPU
		{58F940B1-8707-4BE3-90D0-0DA284C99AF9}.Debug|Any CPU.Build.0 = Debug|Any CPU
		{58F940B1-8707-4BE3-90D0-0DA284C99AF9}.Release|Any CPU.ActiveCfg = Release|Any CPU
		{58F940B1-8707-4BE3-90D0-0DA284C99AF9}.Release|Any CPU.Build.0 = Release|Any CPU
		{5BFEF723-3BC2-458C-B7A0-3D24491FB702}.Debug|Any CPU.ActiveCfg = Debug|Any CPU
		{5BFEF723-3BC2-458C-B7A0-3D24491FB702}.Debug|Any CPU.Build.0 = Debug|Any CPU
		{5BFEF723-3BC2-458C-B7A0-3D24491FB702}.Release|Any CPU.ActiveCfg = Release|Any CPU
		{5BFEF723-3BC2-458C-B7A0-3D24491FB702}.Release|Any CPU.Build.0 = Release|Any CPU
		{AB6B3AEA-8EB1-4B6C-8A63-BDA2D3ABE118}.Debug|Any CPU.ActiveCfg = Debug|Any CPU
		{AB6B3AEA-8EB1-4B6C-8A63-BDA2D3ABE118}.Debug|Any CPU.Build.0 = Debug|Any CPU
		{AB6B3AEA-8EB1-4B6C-8A63-BDA2D3ABE118}.Release|Any CPU.ActiveCfg = Release|Any CPU
		{AB6B3AEA-8EB1-4B6C-8A63-BDA2D3ABE118}.Release|Any CPU.Build.0 = Release|Any CPU
		{7C331648-EACD-4E6B-9F4C-FF2A1125735F}.Debug|Any CPU.ActiveCfg = Debug|Any CPU
		{7C331648-EACD-4E6B-9F4C-FF2A1125735F}.Debug|Any CPU.Build.0 = Debug|Any CPU
		{7C331648-EACD-4E6B-9F4C-FF2A1125735F}.Release|Any CPU.ActiveCfg = Release|Any CPU
		{7C331648-EACD-4E6B-9F4C-FF2A1125735F}.Release|Any CPU.Build.0 = Release|Any CPU
		{865190A5-85C1-49AC-A661-944C2D7F6695}.Debug|Any CPU.ActiveCfg = Debug|Any CPU
		{865190A5-85C1-49AC-A661-944C2D7F6695}.Debug|Any CPU.Build.0 = Debug|Any CPU
		{865190A5-85C1-49AC-A661-944C2D7F6695}.Release|Any CPU.ActiveCfg = Release|Any CPU
		{865190A5-85C1-49AC-A661-944C2D7F6695}.Release|Any CPU.Build.0 = Release|Any CPU
		{026FFB8F-1389-4BEE-91A4-E69A189DB7DA}.Debug|Any CPU.ActiveCfg = Debug|Any CPU
		{026FFB8F-1389-4BEE-91A4-E69A189DB7DA}.Debug|Any CPU.Build.0 = Debug|Any CPU
		{026FFB8F-1389-4BEE-91A4-E69A189DB7DA}.Release|Any CPU.ActiveCfg = Release|Any CPU
		{026FFB8F-1389-4BEE-91A4-E69A189DB7DA}.Release|Any CPU.Build.0 = Release|Any CPU
	EndGlobalSection
	GlobalSection(SolutionProperties) = preSolution
		HideSolutionNode = FALSE
	EndGlobalSection
	GlobalSection(NestedProjects) = preSolution
		{2F6BAC6E-77B0-408B-93F2-75B538DABF2F} = {CB94D806-B887-48D5-A829-3D372424BF4E}
		{2B47DD43-09CB-4831-81F2-CD39075ECE27} = {CB94D806-B887-48D5-A829-3D372424BF4E}
		{85154642-F807-44A7-A855-E4B67D5304B9} = {CB94D806-B887-48D5-A829-3D372424BF4E}
		{715BBF09-998C-46B7-BA15-E6995570CB36} = {3004620B-B86B-414A-94CF-DFA9EBF0E0BD}
		{5A716263-3CDC-415E-B801-348211E9C221} = {2AE5DBAE-9E6F-4C9A-BD81-11A5D3419E6F}
		{52B08496-6AE9-4678-84D4-B52AF17F0827} = {2AE5DBAE-9E6F-4C9A-BD81-11A5D3419E6F}
		{92BD1A5A-D9C9-41AD-93FB-3B9136644D66} = {B5F255AE-CECC-4473-B5E1-0B61A77F49DF}
		{4D74B806-5252-40C6-A024-2D5183FB9875} = {3004620B-B86B-414A-94CF-DFA9EBF0E0BD}
		{8D1E87D5-DDBB-439B-9372-9C9AFABCAE2E} = {0D81E628-A7FA-4ED3-946F-390DFCECE178}
		{872F00B0-A458-4F93-8944-A13AD36BEBF4} = {FB97A773-ECEF-4A79-A196-2D8BD702F362}
		{AC9C7E73-44F0-4174-9E3C-1BFBD8470028} = {2AE5DBAE-9E6F-4C9A-BD81-11A5D3419E6F}
		{70417503-C1CC-451A-A5B8-3CAB1842719F} = {CB94D806-B887-48D5-A829-3D372424BF4E}
		{D67E0010-A10D-4DA3-9DB3-52378D8CCE10} = {CB94D806-B887-48D5-A829-3D372424BF4E}
		{6DF54DF7-47F1-4934-AA31-B60A7715A895} = {CB94D806-B887-48D5-A829-3D372424BF4E}
		{F58CBAEF-EC34-4B91-8B30-89A6DAACE41D} = {CB94D806-B887-48D5-A829-3D372424BF4E}
		{E653AD1C-71E4-4ED3-A86B-028CF16BA2B2} = {0D81E628-A7FA-4ED3-946F-390DFCECE178}
		{FB90A63F-D652-4EED-A0FC-92CE4B31F2EE} = {0D81E628-A7FA-4ED3-946F-390DFCECE178}
		{EA1A3EBA-8A25-4FDA-B5B8-AFEB77842DF2} = {0D81E628-A7FA-4ED3-946F-390DFCECE178}
		{61A239E8-E3A7-453D-882D-685981E5A5D5} = {0D81E628-A7FA-4ED3-946F-390DFCECE178}
		{D9036C24-3FCE-472C-B4A6-7B2DD528740E} = {0D81E628-A7FA-4ED3-946F-390DFCECE178}
		{3DF50D66-95D3-4D40-A95B-E8B5098E403D} = {2AE5DBAE-9E6F-4C9A-BD81-11A5D3419E6F}
		{1609E59C-94D4-46E2-9699-B1588A4B0DCA} = {80C9D23F-2A4F-41CF-9F6B-F59FD803CAC8}
		{087C16D5-FE56-4932-B677-375E9ECB2766} = {80C9D23F-2A4F-41CF-9F6B-F59FD803CAC8}
		{37AAA30B-B848-4134-97B1-BB06D92929FA} = {80C9D23F-2A4F-41CF-9F6B-F59FD803CAC8}
		{788137A2-111A-41D2-89B6-B84C5EEC090A} = {80C9D23F-2A4F-41CF-9F6B-F59FD803CAC8}
		{72B2E488-958A-4BA9-8A33-3607535FB6D1} = {8CA7BE75-C7B5-40F8-B8D2-608111E0884D}
		{04D89797-3774-4CB8-9AD9-656027C31261} = {8CA7BE75-C7B5-40F8-B8D2-608111E0884D}
		{313C7E76-4828-4E55-98FC-68D122B65890} = {59C53C6B-52C1-42EE-9A97-9F647441D469}
		{4BB8B221-27C1-4714-8F12-77072D1BACD6} = {59C53C6B-52C1-42EE-9A97-9F647441D469}
		{7D245729-85A1-435B-A58B-2D46DCA246F8} = {FB97A773-ECEF-4A79-A196-2D8BD702F362}
		{5ED5EF79-6C33-4AFA-9716-12002BF2FC80} = {FB97A773-ECEF-4A79-A196-2D8BD702F362}
		{96C844EF-2DB6-462A-93E6-64BE09324D20} = {FB97A773-ECEF-4A79-A196-2D8BD702F362}
		{CF55B1EA-83B7-4BD7-B53C-494918A04A9E} = {FB97A773-ECEF-4A79-A196-2D8BD702F362}
		{D9E4D652-E099-4A62-925A-CD828EE287A5} = {FB97A773-ECEF-4A79-A196-2D8BD702F362}
		{165476CA-985B-4DED-B9E8-483B0C667B4A} = {FB97A773-ECEF-4A79-A196-2D8BD702F362}
		{6F4B5D0D-B53E-44FA-AF8A-0065695F4A59} = {FB97A773-ECEF-4A79-A196-2D8BD702F362}
		{421FE4F7-A1FC-40A7-9018-0902EC73C4A1} = {FB97A773-ECEF-4A79-A196-2D8BD702F362}
		{5BF83A00-9450-41D0-A531-581E36E30EC6} = {C929C44E-EEEB-4BEE-B301-61080A0657EC}
		{CA0D97F9-F1BA-4022-BFA4-CC1C7F115350} = {C929C44E-EEEB-4BEE-B301-61080A0657EC}
		{7047D201-E832-49C4-AF4F-20AC313CC9FE} = {D590732A-AD39-48AB-8FBF-579AF024C43F}
		{A29164F6-E1A8-4E44-8E5C-C5386E678DD8} = {D590732A-AD39-48AB-8FBF-579AF024C43F}
		{1237C02A-C16D-4C7B-8171-6DCC160654DD} = {D590732A-AD39-48AB-8FBF-579AF024C43F}
		{4A6D7A71-4FF2-49C6-8078-A16060AB6CEF} = {D590732A-AD39-48AB-8FBF-579AF024C43F}
		{58F940B1-8707-4BE3-90D0-0DA284C99AF9} = {B5F255AE-CECC-4473-B5E1-0B61A77F49DF}
		{5BFEF723-3BC2-458C-B7A0-3D24491FB702} = {B5F255AE-CECC-4473-B5E1-0B61A77F49DF}
		{AB6B3AEA-8EB1-4B6C-8A63-BDA2D3ABE118} = {B5F255AE-CECC-4473-B5E1-0B61A77F49DF}
		{7C331648-EACD-4E6B-9F4C-FF2A1125735F} = {B5F255AE-CECC-4473-B5E1-0B61A77F49DF}
		{865190A5-85C1-49AC-A661-944C2D7F6695} = {B5F255AE-CECC-4473-B5E1-0B61A77F49DF}
		{026FFB8F-1389-4BEE-91A4-E69A189DB7DA} = {B5F255AE-CECC-4473-B5E1-0B61A77F49DF}
	EndGlobalSection
	GlobalSection(ExtensibilityGlobals) = postSolution
		SolutionGuid = {C529C51F-6D69-45FF-AAA2-6EE1822048BA}
	EndGlobalSection
EndGlobal
