
Microsoft Visual Studio Solution File, Format Version 12.00
# Visual Studio Version 16
VisualStudioVersion = 16.0.31613.86
MinimumVisualStudioVersion = 10.0.40219.1
Project("{FAE04EC0-301F-11D3-BF4B-00C04F79EFBC}") = "FirstProgram", "CSharpTutorials\FirstProgram.csproj", "{7840DD48-DC1B-4AD3-972A-E781889E7004}"
EndProject
Project("{FAE04EC0-301F-11D3-BF4B-00C04F79EFBC}") = "Keywords", "Keywords\Keywords.csproj", "{723CBE19-45F7-46BC-94FB-4321ED9294C1}"
EndProject
Project("{FAE04EC0-301F-11D3-BF4B-00C04F79EFBC}") = "Varriable", "Varriable\Varriable.csproj", "{17DA0D54-1DE5-420E-9045-DADE0B819285}"
EndProject
Project("{FAE04EC0-301F-11D3-BF4B-00C04F79EFBC}") = "ImplicitlyTypedVarriable", "ImplicitlyTypedVarriable\ImplicitlyTypedVarriable.csproj", "{A7268806-C296-4938-82FC-5E34E6A9D08F}"
EndProject
Project("{FAE04EC0-301F-11D3-BF4B-00C04F79EFBC}") = "DataTypes", "DataTypes\DataTypes.csproj", "{2F6BAC6E-77B0-408B-93F2-75B538DABF2F}"
EndProject
Project("{FAE04EC0-301F-11D3-BF4B-00C04F79EFBC}") = "Struct", "Struct\Struct.csproj", "{2B47DD43-09CB-4831-81F2-CD39075ECE27}"
EndProject
Project("{9A19103F-16F7-4668-BE54-9A1E7A4F7556}") = "Enum", "enum2\Enum.csproj", "{85154642-F807-44A7-A855-E4B67D5304B9}"
EndProject
Project("{FAE04EC0-301F-11D3-BF4B-00C04F79EFBC}") = "ReferenceAndValueType", "ReferansVeDegerTipi\ReferenceAndValueType.csproj", "{42EB42FB-CC39-4DCD-93C1-AE647C16790F}"
EndProject
Project("{FAE04EC0-301F-11D3-BF4B-00C04F79EFBC}") = "Interfaces", "Interfaces\Interfaces.csproj", "{715BBF09-998C-46B7-BA15-E6995570CB36}"
EndProject
Project("{FAE04EC0-301F-11D3-BF4B-00C04F79EFBC}") = "Arrays", "Arrays\Arrays.csproj", "{E30682E6-46B9-4019-ADF4-6F1C773D8F5D}"
EndProject
Project("{FAE04EC0-301F-11D3-BF4B-00C04F79EFBC}") = "Classes", "Classes\Classes.csproj", "{5A716263-3CDC-415E-B801-348211E9C221}"
EndProject
Project("{FAE04EC0-301F-11D3-BF4B-00C04F79EFBC}") = "AbstractClasses", "AbstractClasses\AbstractClasses.csproj", "{52B08496-6AE9-4678-84D4-B52AF17F0827}"
EndProject
Project("{FAE04EC0-301F-11D3-BF4B-00C04F79EFBC}") = "Events", "Events\Events.csproj", "{BE848CB6-8B82-480E-BAB2-6148FC38CA71}"
EndProject
Project("{FAE04EC0-301F-11D3-BF4B-00C04F79EFBC}") = "Delegates", "Delegates\Delegates.csproj", "{92BD1A5A-D9C9-41AD-93FB-3B9136644D66}"
EndProject
Project("{FAE04EC0-301F-11D3-BF4B-00C04F79EFBC}") = "InterfacesDemo", "InterfacesDemo\InterfacesDemo.csproj", "{4D74B806-5252-40C6-A024-2D5183FB9875}"
EndProject
Project("{FAE04EC0-301F-11D3-BF4B-00C04F79EFBC}") = "VirtualMethods", "VirtualMethods\VirtualMethods.csproj", "{3E78FE06-431F-4F36-9CF2-8910E0434F29}"
EndProject
Project("{FAE04EC0-301F-11D3-BF4B-00C04F79EFBC}") = "TypesAndVariables", "TypesAndVariables\TypesAndVariables.csproj", "{1A03AE6F-16F2-4DDD-9197-48EF6B3AB7C0}"
EndProject
Project("{FAE04EC0-301F-11D3-BF4B-00C04F79EFBC}") = "Loops", "Loops\Loops.csproj", "{8D1E87D5-DDBB-439B-9372-9C9AFABCAE2E}"
EndProject
Project("{FAE04EC0-301F-11D3-BF4B-00C04F79EFBC}") = "Constructors", "Constructors\Constructors.csproj", "{3DCD863F-73A6-4026-ADF5-C594B9C23B09}"
EndProject
Project("{FAE04EC0-301F-11D3-BF4B-00C04F79EFBC}") = "Collections", "Collections\Collections.csproj", "{872F00B0-A458-4F93-8944-A13AD36BEBF4}"
EndProject
Project("{FAE04EC0-301F-11D3-BF4B-00C04F79EFBC}") = "AbstractClasses2", "AbstractClasses2\AbstractClasses2.csproj", "{AC9C7E73-44F0-4174-9E3C-1BFBD8470028}"
EndProject
Project("{FAE04EC0-301F-11D3-BF4B-00C04F79EFBC}") = "StringBuilderNedir", "StringBuilder\StringBuilderNedir.csproj", "{70417503-C1CC-451A-A5B8-3CAB1842719F}"
EndProject
Project("{FAE04EC0-301F-11D3-BF4B-00C04F79EFBC}") = "AnonymousType", "AnonymousType\AnonymousType.csproj", "{D67E0010-A10D-4DA3-9DB3-52378D8CCE10}"
EndProject
Project("{FAE04EC0-301F-11D3-BF4B-00C04F79EFBC}") = "DynamicVeVarNedir", "DynamicNedir\DynamicVeVarNedir.csproj", "{6DF54DF7-47F1-4934-AA31-B60A7715A895}"
EndProject
Project("{FAE04EC0-301F-11D3-BF4B-00C04F79EFBC}") = "NullType", "NullType\NullType.csproj", "{F58CBAEF-EC34-4B91-8B30-89A6DAACE41D}"
EndProject
Project("{FAE04EC0-301F-11D3-BF4B-00C04F79EFBC}") = "Operators", "Operators\Operators.csproj", "{74ADED5B-BBD8-483E-BD4B-76FD38868E5B}"
EndProject
Project("{FAE04EC0-301F-11D3-BF4B-00C04F79EFBC}") = "IfElseStatements", "IfElseStatements\IfElseStatements.csproj", "{E653AD1C-71E4-4ED3-A86B-028CF16BA2B2}"
EndProject
Global
	GlobalSection(SolutionConfigurationPlatforms) = preSolution
		Debug|Any CPU = Debug|Any CPU
		Release|Any CPU = Release|Any CPU
	EndGlobalSection
	GlobalSection(ProjectConfigurationPlatforms) = postSolution
		{7840DD48-DC1B-4AD3-972A-E781889E7004}.Debug|Any CPU.ActiveCfg = Debug|Any CPU
		{7840DD48-DC1B-4AD3-972A-E781889E7004}.Debug|Any CPU.Build.0 = Debug|Any CPU
		{7840DD48-DC1B-4AD3-972A-E781889E7004}.Release|Any CPU.ActiveCfg = Release|Any CPU
		{7840DD48-DC1B-4AD3-972A-E781889E7004}.Release|Any CPU.Build.0 = Release|Any CPU
		{723CBE19-45F7-46BC-94FB-4321ED9294C1}.Debug|Any CPU.ActiveCfg = Debug|Any CPU
		{723CBE19-45F7-46BC-94FB-4321ED9294C1}.Debug|Any CPU.Build.0 = Debug|Any CPU
		{723CBE19-45F7-46BC-94FB-4321ED9294C1}.Release|Any CPU.ActiveCfg = Release|Any CPU
		{723CBE19-45F7-46BC-94FB-4321ED9294C1}.Release|Any CPU.Build.0 = Release|Any CPU
		{17DA0D54-1DE5-420E-9045-DADE0B819285}.Debug|Any CPU.ActiveCfg = Debug|Any CPU
		{17DA0D54-1DE5-420E-9045-DADE0B819285}.Debug|Any CPU.Build.0 = Debug|Any CPU
		{17DA0D54-1DE5-420E-9045-DADE0B819285}.Release|Any CPU.ActiveCfg = Release|Any CPU
		{17DA0D54-1DE5-420E-9045-DADE0B819285}.Release|Any CPU.Build.0 = Release|Any CPU
		{A7268806-C296-4938-82FC-5E34E6A9D08F}.Debug|Any CPU.ActiveCfg = Debug|Any CPU
		{A7268806-C296-4938-82FC-5E34E6A9D08F}.Debug|Any CPU.Build.0 = Debug|Any CPU
		{A7268806-C296-4938-82FC-5E34E6A9D08F}.Release|Any CPU.ActiveCfg = Release|Any CPU
		{A7268806-C296-4938-82FC-5E34E6A9D08F}.Release|Any CPU.Build.0 = Release|Any CPU
		{2F6BAC6E-77B0-408B-93F2-75B538DABF2F}.Debug|Any CPU.ActiveCfg = Debug|Any CPU
		{2F6BAC6E-77B0-408B-93F2-75B538DABF2F}.Debug|Any CPU.Build.0 = Debug|Any CPU
		{2F6BAC6E-77B0-408B-93F2-75B538DABF2F}.Release|Any CPU.ActiveCfg = Release|Any CPU
		{2F6BAC6E-77B0-408B-93F2-75B538DABF2F}.Release|Any CPU.Build.0 = Release|Any CPU
		{2B47DD43-09CB-4831-81F2-CD39075ECE27}.Debug|Any CPU.ActiveCfg = Debug|Any CPU
		{2B47DD43-09CB-4831-81F2-CD39075ECE27}.Debug|Any CPU.Build.0 = Debug|Any CPU
		{2B47DD43-09CB-4831-81F2-CD39075ECE27}.Release|Any CPU.ActiveCfg = Release|Any CPU
		{2B47DD43-09CB-4831-81F2-CD39075ECE27}.Release|Any CPU.Build.0 = Release|Any CPU
		{85154642-F807-44A7-A855-E4B67D5304B9}.Debug|Any CPU.ActiveCfg = Debug|Any CPU
		{85154642-F807-44A7-A855-E4B67D5304B9}.Debug|Any CPU.Build.0 = Debug|Any CPU
		{85154642-F807-44A7-A855-E4B67D5304B9}.Release|Any CPU.ActiveCfg = Release|Any CPU
		{85154642-F807-44A7-A855-E4B67D5304B9}.Release|Any CPU.Build.0 = Release|Any CPU
		{42EB42FB-CC39-4DCD-93C1-AE647C16790F}.Debug|Any CPU.ActiveCfg = Debug|Any CPU
		{42EB42FB-CC39-4DCD-93C1-AE647C16790F}.Debug|Any CPU.Build.0 = Debug|Any CPU
		{42EB42FB-CC39-4DCD-93C1-AE647C16790F}.Release|Any CPU.ActiveCfg = Release|Any CPU
		{42EB42FB-CC39-4DCD-93C1-AE647C16790F}.Release|Any CPU.Build.0 = Release|Any CPU
		{715BBF09-998C-46B7-BA15-E6995570CB36}.Debug|Any CPU.ActiveCfg = Debug|Any CPU
		{715BBF09-998C-46B7-BA15-E6995570CB36}.Debug|Any CPU.Build.0 = Debug|Any CPU
		{715BBF09-998C-46B7-BA15-E6995570CB36}.Release|Any CPU.ActiveCfg = Release|Any CPU
		{715BBF09-998C-46B7-BA15-E6995570CB36}.Release|Any CPU.Build.0 = Release|Any CPU
		{E30682E6-46B9-4019-ADF4-6F1C773D8F5D}.Debug|Any CPU.ActiveCfg = Debug|Any CPU
		{E30682E6-46B9-4019-ADF4-6F1C773D8F5D}.Debug|Any CPU.Build.0 = Debug|Any CPU
		{E30682E6-46B9-4019-ADF4-6F1C773D8F5D}.Release|Any CPU.ActiveCfg = Release|Any CPU
		{E30682E6-46B9-4019-ADF4-6F1C773D8F5D}.Release|Any CPU.Build.0 = Release|Any CPU
		{5A716263-3CDC-415E-B801-348211E9C221}.Debug|Any CPU.ActiveCfg = Debug|Any CPU
		{5A716263-3CDC-415E-B801-348211E9C221}.Debug|Any CPU.Build.0 = Debug|Any CPU
		{5A716263-3CDC-415E-B801-348211E9C221}.Release|Any CPU.ActiveCfg = Release|Any CPU
		{5A716263-3CDC-415E-B801-348211E9C221}.Release|Any CPU.Build.0 = Release|Any CPU
		{52B08496-6AE9-4678-84D4-B52AF17F0827}.Debug|Any CPU.ActiveCfg = Debug|Any CPU
		{52B08496-6AE9-4678-84D4-B52AF17F0827}.Debug|Any CPU.Build.0 = Debug|Any CPU
		{52B08496-6AE9-4678-84D4-B52AF17F0827}.Release|Any CPU.ActiveCfg = Release|Any CPU
		{52B08496-6AE9-4678-84D4-B52AF17F0827}.Release|Any CPU.Build.0 = Release|Any CPU
		{BE848CB6-8B82-480E-BAB2-6148FC38CA71}.Debug|Any CPU.ActiveCfg = Debug|Any CPU
		{BE848CB6-8B82-480E-BAB2-6148FC38CA71}.Debug|Any CPU.Build.0 = Debug|Any CPU
		{BE848CB6-8B82-480E-BAB2-6148FC38CA71}.Release|Any CPU.ActiveCfg = Release|Any CPU
		{BE848CB6-8B82-480E-BAB2-6148FC38CA71}.Release|Any CPU.Build.0 = Release|Any CPU
		{92BD1A5A-D9C9-41AD-93FB-3B9136644D66}.Debug|Any CPU.ActiveCfg = Debug|Any CPU
		{92BD1A5A-D9C9-41AD-93FB-3B9136644D66}.Debug|Any CPU.Build.0 = Debug|Any CPU
		{92BD1A5A-D9C9-41AD-93FB-3B9136644D66}.Release|Any CPU.ActiveCfg = Release|Any CPU
		{92BD1A5A-D9C9-41AD-93FB-3B9136644D66}.Release|Any CPU.Build.0 = Release|Any CPU
		{4D74B806-5252-40C6-A024-2D5183FB9875}.Debug|Any CPU.ActiveCfg = Debug|Any CPU
		{4D74B806-5252-40C6-A024-2D5183FB9875}.Debug|Any CPU.Build.0 = Debug|Any CPU
		{4D74B806-5252-40C6-A024-2D5183FB9875}.Release|Any CPU.ActiveCfg = Release|Any CPU
		{4D74B806-5252-40C6-A024-2D5183FB9875}.Release|Any CPU.Build.0 = Release|Any CPU
		{3E78FE06-431F-4F36-9CF2-8910E0434F29}.Debug|Any CPU.ActiveCfg = Debug|Any CPU
		{3E78FE06-431F-4F36-9CF2-8910E0434F29}.Debug|Any CPU.Build.0 = Debug|Any CPU
		{3E78FE06-431F-4F36-9CF2-8910E0434F29}.Release|Any CPU.ActiveCfg = Release|Any CPU
		{3E78FE06-431F-4F36-9CF2-8910E0434F29}.Release|Any CPU.Build.0 = Release|Any CPU
		{1A03AE6F-16F2-4DDD-9197-48EF6B3AB7C0}.Debug|Any CPU.ActiveCfg = Debug|Any CPU
		{1A03AE6F-16F2-4DDD-9197-48EF6B3AB7C0}.Debug|Any CPU.Build.0 = Debug|Any CPU
		{1A03AE6F-16F2-4DDD-9197-48EF6B3AB7C0}.Release|Any CPU.ActiveCfg = Release|Any CPU
		{1A03AE6F-16F2-4DDD-9197-48EF6B3AB7C0}.Release|Any CPU.Build.0 = Release|Any CPU
		{8D1E87D5-DDBB-439B-9372-9C9AFABCAE2E}.Debug|Any CPU.ActiveCfg = Debug|Any CPU
		{8D1E87D5-DDBB-439B-9372-9C9AFABCAE2E}.Debug|Any CPU.Build.0 = Debug|Any CPU
		{8D1E87D5-DDBB-439B-9372-9C9AFABCAE2E}.Release|Any CPU.ActiveCfg = Release|Any CPU
		{8D1E87D5-DDBB-439B-9372-9C9AFABCAE2E}.Release|Any CPU.Build.0 = Release|Any CPU
		{3DCD863F-73A6-4026-ADF5-C594B9C23B09}.Debug|Any CPU.ActiveCfg = Debug|Any CPU
		{3DCD863F-73A6-4026-ADF5-C594B9C23B09}.Debug|Any CPU.Build.0 = Debug|Any CPU
		{3DCD863F-73A6-4026-ADF5-C594B9C23B09}.Release|Any CPU.ActiveCfg = Release|Any CPU
		{3DCD863F-73A6-4026-ADF5-C594B9C23B09}.Release|Any CPU.Build.0 = Release|Any CPU
		{872F00B0-A458-4F93-8944-A13AD36BEBF4}.Debug|Any CPU.ActiveCfg = Debug|Any CPU
		{872F00B0-A458-4F93-8944-A13AD36BEBF4}.Debug|Any CPU.Build.0 = Debug|Any CPU
		{872F00B0-A458-4F93-8944-A13AD36BEBF4}.Release|Any CPU.ActiveCfg = Release|Any CPU
		{872F00B0-A458-4F93-8944-A13AD36BEBF4}.Release|Any CPU.Build.0 = Release|Any CPU
		{AC9C7E73-44F0-4174-9E3C-1BFBD8470028}.Debug|Any CPU.ActiveCfg = Debug|Any CPU
		{AC9C7E73-44F0-4174-9E3C-1BFBD8470028}.Debug|Any CPU.Build.0 = Debug|Any CPU
		{AC9C7E73-44F0-4174-9E3C-1BFBD8470028}.Release|Any CPU.ActiveCfg = Release|Any CPU
		{AC9C7E73-44F0-4174-9E3C-1BFBD8470028}.Release|Any CPU.Build.0 = Release|Any CPU
		{70417503-C1CC-451A-A5B8-3CAB1842719F}.Debug|Any CPU.ActiveCfg = Debug|Any CPU
		{70417503-C1CC-451A-A5B8-3CAB1842719F}.Debug|Any CPU.Build.0 = Debug|Any CPU
		{70417503-C1CC-451A-A5B8-3CAB1842719F}.Release|Any CPU.ActiveCfg = Release|Any CPU
		{70417503-C1CC-451A-A5B8-3CAB1842719F}.Release|Any CPU.Build.0 = Release|Any CPU
		{D67E0010-A10D-4DA3-9DB3-52378D8CCE10}.Debug|Any CPU.ActiveCfg = Debug|Any CPU
		{D67E0010-A10D-4DA3-9DB3-52378D8CCE10}.Debug|Any CPU.Build.0 = Debug|Any CPU
		{D67E0010-A10D-4DA3-9DB3-52378D8CCE10}.Release|Any CPU.ActiveCfg = Release|Any CPU
		{D67E0010-A10D-4DA3-9DB3-52378D8CCE10}.Release|Any CPU.Build.0 = Release|Any CPU
		{6DF54DF7-47F1-4934-AA31-B60A7715A895}.Debug|Any CPU.ActiveCfg = Debug|Any CPU
		{6DF54DF7-47F1-4934-AA31-B60A7715A895}.Debug|Any CPU.Build.0 = Debug|Any CPU
		{6DF54DF7-47F1-4934-AA31-B60A7715A895}.Release|Any CPU.ActiveCfg = Release|Any CPU
		{6DF54DF7-47F1-4934-AA31-B60A7715A895}.Release|Any CPU.Build.0 = Release|Any CPU
		{F58CBAEF-EC34-4B91-8B30-89A6DAACE41D}.Debug|Any CPU.ActiveCfg = Debug|Any CPU
		{F58CBAEF-EC34-4B91-8B30-89A6DAACE41D}.Debug|Any CPU.Build.0 = Debug|Any CPU
		{F58CBAEF-EC34-4B91-8B30-89A6DAACE41D}.Release|Any CPU.ActiveCfg = Release|Any CPU
		{F58CBAEF-EC34-4B91-8B30-89A6DAACE41D}.Release|Any CPU.Build.0 = Release|Any CPU
		{74ADED5B-BBD8-483E-BD4B-76FD38868E5B}.Debug|Any CPU.ActiveCfg = Debug|Any CPU
		{74ADED5B-BBD8-483E-BD4B-76FD38868E5B}.Debug|Any CPU.Build.0 = Debug|Any CPU
		{74ADED5B-BBD8-483E-BD4B-76FD38868E5B}.Release|Any CPU.ActiveCfg = Release|Any CPU
		{74ADED5B-BBD8-483E-BD4B-76FD38868E5B}.Release|Any CPU.Build.0 = Release|Any CPU
		{E653AD1C-71E4-4ED3-A86B-028CF16BA2B2}.Debug|Any CPU.ActiveCfg = Debug|Any CPU
		{E653AD1C-71E4-4ED3-A86B-028CF16BA2B2}.Debug|Any CPU.Build.0 = Debug|Any CPU
		{E653AD1C-71E4-4ED3-A86B-028CF16BA2B2}.Release|Any CPU.ActiveCfg = Release|Any CPU
		{E653AD1C-71E4-4ED3-A86B-028CF16BA2B2}.Release|Any CPU.Build.0 = Release|Any CPU
	EndGlobalSection
	GlobalSection(SolutionProperties) = preSolution
		HideSolutionNode = FALSE
	EndGlobalSection
	GlobalSection(ExtensibilityGlobals) = postSolution
		SolutionGuid = {C529C51F-6D69-45FF-AAA2-6EE1822048BA}
	EndGlobalSection
EndGlobal
